
Microsoft Visual Studio Solution File, Format Version 12.00
# Visual Studio Version 16
VisualStudioVersion = 16.0.30104.148
MinimumVisualStudioVersion = 10.0.40219.1
Project("{FAE04EC0-301F-11D3-BF4B-00C04F79EFBC}") = "miniproyecto", "miniproyecto\miniproyecto.csproj", "{7FF8FFE7-1F52-4099-962D-6A709D2D395A}"
EndProject
Global
	GlobalSection(SolutionConfigurationPlatforms) = preSolution
		Debug|Any CPU = Debug|Any CPU
		Release|Any CPU = Release|Any CPU
	EndGlobalSection
	GlobalSection(ProjectConfigurationPlatforms) = postSolution
		{7FF8FFE7-1F52-4099-962D-6A709D2D395A}.Debug|Any CPU.ActiveCfg = Debug|Any CPU
		{7FF8FFE7-1F52-4099-962D-6A709D2D395A}.Debug|Any CPU.Build.0 = Debug|Any CPU
		{7FF8FFE7-1F52-4099-962D-6A709D2D395A}.Release|Any CPU.ActiveCfg = Release|Any CPU
		{7FF8FFE7-1F52-4099-962D-6A709D2D395A}.Release|Any CPU.Build.0 = Release|Any CPU
	EndGlobalSection
	GlobalSection(SolutionProperties) = preSolution
		HideSolutionNode = FALSE
	EndGlobalSection
	GlobalSection(ExtensibilityGlobals) = postSolution
		SolutionGuid = {ABD89364-ADCA-46BE-8035-AEAD7FED94C3}
	EndGlobalSection
EndGlobal
